
Microsoft Visual Studio Solution File, Format Version 12.00
Project("{FAE04EC0-301F-11D3-BF4B-00C04F79EFBC}") = "NZWalks.API", "NZWalks.API\NZWalks.API.csproj", "{E78AC913-83B1-447A-8AA8-5F7BACEAAC35}"
EndProject
Global
	GlobalSection(SolutionConfigurationPlatforms) = preSolution
		Debug|Any CPU = Debug|Any CPU
		Release|Any CPU = Release|Any CPU
	EndGlobalSection
	GlobalSection(ProjectConfigurationPlatforms) = postSolution
		{E78AC913-83B1-447A-8AA8-5F7BACEAAC35}.Debug|Any CPU.ActiveCfg = Debug|Any CPU
		{E78AC913-83B1-447A-8AA8-5F7BACEAAC35}.Debug|Any CPU.Build.0 = Debug|Any CPU
		{E78AC913-83B1-447A-8AA8-5F7BACEAAC35}.Release|Any CPU.ActiveCfg = Release|Any CPU
		{E78AC913-83B1-447A-8AA8-5F7BACEAAC35}.Release|Any CPU.Build.0 = Release|Any CPU
	EndGlobalSection
EndGlobal
